
Microsoft Visual Studio Solution File, Format Version 11.00
# Visual Studio 2010
Project("{FAE04EC0-301F-11D3-BF4B-00C04F79EFBC}") = "ARTH3", "Assembly-CSharp.csproj", "{264349B8-C753-101A-F276-CC32DA50761E}"
EndProject
Project("{FAE04EC0-301F-11D3-BF4B-00C04F79EFBC}") = "ARTH3", "Assembly-CSharp-Editor.csproj", "{D949EF0E-06E7-2942-6E95-B8B84B1DD01C}"
EndProject
Global
	GlobalSection(SolutionConfigurationPlatforms) = preSolution
		Debug|Any CPU = Debug|Any CPU
		Release|Any CPU = Release|Any CPU
	EndGlobalSection
	GlobalSection(ProjectConfigurationPlatforms) = postSolution
		{264349B8-C753-101A-F276-CC32DA50761E}.Debug|Any CPU.ActiveCfg = Debug|Any CPU
		{264349B8-C753-101A-F276-CC32DA50761E}.Debug|Any CPU.Build.0 = Debug|Any CPU
		{264349B8-C753-101A-F276-CC32DA50761E}.Release|Any CPU.ActiveCfg = Release|Any CPU
		{264349B8-C753-101A-F276-CC32DA50761E}.Release|Any CPU.Build.0 = Release|Any CPU
		{D949EF0E-06E7-2942-6E95-B8B84B1DD01C}.Debug|Any CPU.ActiveCfg = Debug|Any CPU
		{D949EF0E-06E7-2942-6E95-B8B84B1DD01C}.Debug|Any CPU.Build.0 = Debug|Any CPU
		{D949EF0E-06E7-2942-6E95-B8B84B1DD01C}.Release|Any CPU.ActiveCfg = Release|Any CPU
		{D949EF0E-06E7-2942-6E95-B8B84B1DD01C}.Release|Any CPU.Build.0 = Release|Any CPU
	EndGlobalSection
	GlobalSection(SolutionProperties) = preSolution
		HideSolutionNode = FALSE
	EndGlobalSection
	GlobalSection(MonoDevelopProperties) = preSolution
		StartupItem = Assembly-CSharp.csproj
	EndGlobalSection
EndGlobal
